
Microsoft Visual Studio Solution File, Format Version 12.00
# Visual Studio Version 16
VisualStudioVersion = 16.0.30804.86
MinimumVisualStudioVersion = 10.0.40219.1
Project("{9A19103F-16F7-4668-BE54-9A1E7A4F7556}") = "DataAccess", "DataAccess\DataAccess.csproj", "{F75635D4-1CDD-47FC-B959-0D9CC248754D}"
EndProject
Project("{9A19103F-16F7-4668-BE54-9A1E7A4F7556}") = "Business", "Business\Business.csproj", "{65C09490-B888-4557-BFDA-046DA31DEE40}"
EndProject
Project("{9A19103F-16F7-4668-BE54-9A1E7A4F7556}") = "Entities", "Entities\Entities.csproj", "{79C15B87-4FC3-4E11-BD3F-54BAA29AA64C}"
EndProject
Project("{9A19103F-16F7-4668-BE54-9A1E7A4F7556}") = "ConsoleUI", "Console\ConsoleUI.csproj", "{AEC4F592-B411-402B-9FB7-F2882B99799B}"
EndProject
Global
	GlobalSection(SolutionConfigurationPlatforms) = preSolution
		Debug|Any CPU = Debug|Any CPU
		Release|Any CPU = Release|Any CPU
	EndGlobalSection
	GlobalSection(ProjectConfigurationPlatforms) = postSolution
		{F75635D4-1CDD-47FC-B959-0D9CC248754D}.Debug|Any CPU.ActiveCfg = Debug|Any CPU
		{F75635D4-1CDD-47FC-B959-0D9CC248754D}.Debug|Any CPU.Build.0 = Debug|Any CPU
		{F75635D4-1CDD-47FC-B959-0D9CC248754D}.Release|Any CPU.ActiveCfg = Release|Any CPU
		{F75635D4-1CDD-47FC-B959-0D9CC248754D}.Release|Any CPU.Build.0 = Release|Any CPU
		{65C09490-B888-4557-BFDA-046DA31DEE40}.Debug|Any CPU.ActiveCfg = Debug|Any CPU
		{65C09490-B888-4557-BFDA-046DA31DEE40}.Debug|Any CPU.Build.0 = Debug|Any CPU
		{65C09490-B888-4557-BFDA-046DA31DEE40}.Release|Any CPU.ActiveCfg = Release|Any CPU
		{65C09490-B888-4557-BFDA-046DA31DEE40}.Release|Any CPU.Build.0 = Release|Any CPU
		{79C15B87-4FC3-4E11-BD3F-54BAA29AA64C}.Debug|Any CPU.ActiveCfg = Debug|Any CPU
		{79C15B87-4FC3-4E11-BD3F-54BAA29AA64C}.Debug|Any CPU.Build.0 = Debug|Any CPU
		{79C15B87-4FC3-4E11-BD3F-54BAA29AA64C}.Release|Any CPU.ActiveCfg = Release|Any CPU
		{79C15B87-4FC3-4E11-BD3F-54BAA29AA64C}.Release|Any CPU.Build.0 = Release|Any CPU
		{AEC4F592-B411-402B-9FB7-F2882B99799B}.Debug|Any CPU.ActiveCfg = Debug|Any CPU
		{AEC4F592-B411-402B-9FB7-F2882B99799B}.Debug|Any CPU.Build.0 = Debug|Any CPU
		{AEC4F592-B411-402B-9FB7-F2882B99799B}.Release|Any CPU.ActiveCfg = Release|Any CPU
		{AEC4F592-B411-402B-9FB7-F2882B99799B}.Release|Any CPU.Build.0 = Release|Any CPU
	EndGlobalSection
	GlobalSection(SolutionProperties) = preSolution
		HideSolutionNode = FALSE
	EndGlobalSection
	GlobalSection(ExtensibilityGlobals) = postSolution
		SolutionGuid = {94A5A626-52A6-4110-B611-58D099869655}
	EndGlobalSection
EndGlobal
